{
  "version": 4,
  "terraform_version": "1.0.10",
  "serial": 41,
  "lineage": "b38f26cf-b054-ede8-5242-888394610356",
  "outputs": {},
  "resources": [
    {
      "mode": "managed",
      "type": "google_compute_disk",
      "name": "disk",
      "provider": "provider[\"registry.terraform.io/hashicorp/google\"]",
      "instances": [
        {
          "schema_version": 0,
          "attributes": {
            "creation_timestamp": "2021-12-19T06:39:58.358-08:00",
            "description": "",
            "disk_encryption_key": [],
            "id": "projects/infonation/zones/us-central1-a/disks/my-disk",
            "image": "https://www.googleapis.com/compute/v1/projects/centos-cloud/global/images/centos-8-v20211214",
            "label_fingerprint": "42WmSpB8rSM=",
            "labels": null,
            "last_attach_timestamp": "",
            "last_detach_timestamp": "",
            "name": "my-disk",
            "physical_block_size_bytes": 4096,
            "project": "infonation",
            "self_link": "https://www.googleapis.com/compute/v1/projects/infonation/zones/us-central1-a/disks/my-disk",
            "size": 50,
            "snapshot": "",
            "source_image_encryption_key": [],
            "source_image_id": "513888394881092539",
            "source_snapshot_encryption_key": [],
            "source_snapshot_id": "",
            "timeouts": null,
            "type": "pd-ssd",
            "users": [],
            "zone": "us-central1-a"
          },
          "sensitive_attributes": [],
          "private": "eyJlMmJmYjczMC1lY2FhLTExZTYtOGY4OC0zNDM2M2JjN2M0YzAiOnsiY3JlYXRlIjozMDAwMDAwMDAwMDAsImRlbGV0ZSI6MjQwMDAwMDAwMDAwLCJ1cGRhdGUiOjI0MDAwMDAwMDAwMH19"
        }
      ]
    },
    {
      "mode": "managed",
      "type": "google_compute_firewall",
      "name": "firewall",
      "provider": "provider[\"registry.terraform.io/hashicorp/google\"]",
      "instances": [
        {
          "schema_version": 1,
          "attributes": {
            "allow": [
              {
                "ports": [
                  "22"
                ],
                "protocol": "tcp"
              }
            ],
            "creation_timestamp": "2021-12-19T06:39:57.100-08:00",
            "deny": [],
            "description": "",
            "destination_ranges": [],
            "direction": "INGRESS",
            "disabled": false,
            "enable_logging": false,
            "id": "projects/infonation/global/firewalls/gritfy-firewall-externalssh",
            "name": "gritfy-firewall-externalssh",
            "network": "https://www.googleapis.com/compute/v1/projects/infonation/global/networks/default",
            "priority": 1000,
            "project": "infonation",
            "self_link": "https://www.googleapis.com/compute/v1/projects/infonation/global/firewalls/gritfy-firewall-externalssh",
            "source_ranges": [
              "0.0.0.0/0"
            ],
            "source_service_accounts": null,
            "source_tags": null,
            "target_service_accounts": null,
            "target_tags": [
              "externalssh"
            ],
            "timeouts": null
          },
          "sensitive_attributes": [],
          "private": "eyJlMmJmYjczMC1lY2FhLTExZTYtOGY4OC0zNDM2M2JjN2M0YzAiOnsiY3JlYXRlIjoyNDAwMDAwMDAwMDAsImRlbGV0ZSI6MjQwMDAwMDAwMDAwLCJ1cGRhdGUiOjI0MDAwMDAwMDAwMH0sInNjaGVtYV92ZXJzaW9uIjoiMSJ9"
        }
      ]
    },
    {
      "mode": "managed",
      "type": "google_compute_firewall",
      "name": "webserverrule",
      "provider": "provider[\"registry.terraform.io/hashicorp/google\"]",
      "instances": [
        {
          "schema_version": 1,
          "attributes": {
            "allow": [
              {
                "ports": [
                  "80",
                  "443"
                ],
                "protocol": "tcp"
              }
            ],
            "creation_timestamp": "2021-12-19T06:39:57.113-08:00",
            "deny": [],
            "description": "",
            "destination_ranges": [],
            "direction": "INGRESS",
            "disabled": false,
            "enable_logging": false,
            "id": "projects/infonation/global/firewalls/gritfy-webserver",
            "name": "gritfy-webserver",
            "network": "https://www.googleapis.com/compute/v1/projects/infonation/global/networks/default",
            "priority": 1000,
            "project": "infonation",
            "self_link": "https://www.googleapis.com/compute/v1/projects/infonation/global/firewalls/gritfy-webserver",
            "source_ranges": [
              "0.0.0.0/0"
            ],
            "source_service_accounts": null,
            "source_tags": null,
            "target_service_accounts": null,
            "target_tags": [
              "webserver"
            ],
            "timeouts": null
          },
          "sensitive_attributes": [],
          "private": "eyJlMmJmYjczMC1lY2FhLTExZTYtOGY4OC0zNDM2M2JjN2M0YzAiOnsiY3JlYXRlIjoyNDAwMDAwMDAwMDAsImRlbGV0ZSI6MjQwMDAwMDAwMDAwLCJ1cGRhdGUiOjI0MDAwMDAwMDAwMH0sInNjaGVtYV92ZXJzaW9uIjoiMSJ9"
        }
      ]
    },
    {
      "mode": "managed",
      "type": "google_compute_instance",
      "name": "dev",
      "provider": "provider[\"registry.terraform.io/hashicorp/google\"]",
      "instances": []
    }
  ]
}
